
Microsoft Visual Studio Solution File, Format Version 12.00
Project("{FAE04EC0-301F-11D3-BF4B-00C04F79EFBC}") = "SuggestionAppUI", "SuggestionAppUI\SuggestionAppUI.csproj", "{15A4FEAF-B99D-46AE-8A48-9B366B1512D4}"
EndProject
Project("{FAE04EC0-301F-11D3-BF4B-00C04F79EFBC}") = "SuggestionAppLibrary", "SuggestionAppLibrary\SuggestionAppLibrary.csproj", "{56464C0C-6B0F-4C8A-BB05-A57D7A395DAE}"
EndProject
Global
	GlobalSection(SolutionConfigurationPlatforms) = preSolution
		Debug|Any CPU = Debug|Any CPU
		Release|Any CPU = Release|Any CPU
	EndGlobalSection
	GlobalSection(ProjectConfigurationPlatforms) = postSolution
		{15A4FEAF-B99D-46AE-8A48-9B366B1512D4}.Debug|Any CPU.ActiveCfg = Debug|Any CPU
		{15A4FEAF-B99D-46AE-8A48-9B366B1512D4}.Debug|Any CPU.Build.0 = Debug|Any CPU
		{15A4FEAF-B99D-46AE-8A48-9B366B1512D4}.Release|Any CPU.ActiveCfg = Release|Any CPU
		{15A4FEAF-B99D-46AE-8A48-9B366B1512D4}.Release|Any CPU.Build.0 = Release|Any CPU
		{56464C0C-6B0F-4C8A-BB05-A57D7A395DAE}.Debug|Any CPU.ActiveCfg = Debug|Any CPU
		{56464C0C-6B0F-4C8A-BB05-A57D7A395DAE}.Debug|Any CPU.Build.0 = Debug|Any CPU
		{56464C0C-6B0F-4C8A-BB05-A57D7A395DAE}.Release|Any CPU.ActiveCfg = Release|Any CPU
		{56464C0C-6B0F-4C8A-BB05-A57D7A395DAE}.Release|Any CPU.Build.0 = Release|Any CPU
	EndGlobalSection
EndGlobal
